
Microsoft Visual Studio Solution File, Format Version 12.00
# Visual Studio Version 16
VisualStudioVersion = 16.0.29806.167
MinimumVisualStudioVersion = 10.0.40219.1
Project("{2150E333-8FDC-42A3-9474-1A3956D46DE8}") = "Basic", "Basic", "{0786EE90-62CC-4525-8159-18C193DC552F}"
EndProject
Project("{2150E333-8FDC-42A3-9474-1A3956D46DE8}") = "WorkQueues", "WorkQueues", "{C80C36F5-83B6-4C9E-A784-D05E2EA68149}"
EndProject
Project("{9A19103F-16F7-4668-BE54-9A1E7A4F7556}") = "Basic.Consumer", "Basic.Consumer\Basic.Consumer.csproj", "{0EE37220-B3CF-459F-8CA7-D7BBA834EF89}"
EndProject
Project("{9A19103F-16F7-4668-BE54-9A1E7A4F7556}") = "Basic.Producer", "Basic.Producer\Basic.Producer.csproj", "{6FD9C5A3-5026-4D1D-8029-9126C78ADADF}"
EndProject
Project("{9A19103F-16F7-4668-BE54-9A1E7A4F7556}") = "WorkQueues.Producer", "WorkQueues.Producer\WorkQueues.Producer.csproj", "{4B28C4B0-0B63-4E52-9E17-38A394628C32}"
EndProject
Project("{9A19103F-16F7-4668-BE54-9A1E7A4F7556}") = "WorkQueues.Consumer", "WorkQueues.Consumer\WorkQueues.Consumer.csproj", "{4FA02AC9-E644-450F-B730-995933AFB37E}"
EndProject
Project("{2150E333-8FDC-42A3-9474-1A3956D46DE8}") = "Publish", "Publish", "{254DF919-8313-4749-833F-96AF0A9A68BA}"
EndProject
Project("{FAE04EC0-301F-11D3-BF4B-00C04F79EFBC}") = "Publish.Consumer", "Publish.Consumer\Publish.Consumer.csproj", "{843E80C8-44AC-41D5-AC69-4B01CF2BD52F}"
EndProject
Project("{FAE04EC0-301F-11D3-BF4B-00C04F79EFBC}") = "Publish.Producer", "Publish.Producer\Publish.Producer.csproj", "{52D49642-2D52-466F-9987-3C8C2DC17B32}"
EndProject
Project("{2150E333-8FDC-42A3-9474-1A3956D46DE8}") = "Routing", "Routing", "{23558DBE-65AF-4CE1-B804-42706BEEC151}"
EndProject
Project("{FAE04EC0-301F-11D3-BF4B-00C04F79EFBC}") = "Routing.Producer", "Routing.Producer\Routing.Producer.csproj", "{3A521AE7-D6FD-40A9-B06B-97F5C85DC707}"
EndProject
Project("{FAE04EC0-301F-11D3-BF4B-00C04F79EFBC}") = "Routing.Consumer", "Routing.Consumer\Routing.Consumer.csproj", "{81C420FD-C78C-4410-AD32-D5AE5F2F8BB7}"
EndProject
Global
	GlobalSection(SolutionConfigurationPlatforms) = preSolution
		Debug|Any CPU = Debug|Any CPU
		Release|Any CPU = Release|Any CPU
	EndGlobalSection
	GlobalSection(ProjectConfigurationPlatforms) = postSolution
		{0EE37220-B3CF-459F-8CA7-D7BBA834EF89}.Debug|Any CPU.ActiveCfg = Debug|Any CPU
		{0EE37220-B3CF-459F-8CA7-D7BBA834EF89}.Debug|Any CPU.Build.0 = Debug|Any CPU
		{0EE37220-B3CF-459F-8CA7-D7BBA834EF89}.Release|Any CPU.ActiveCfg = Release|Any CPU
		{0EE37220-B3CF-459F-8CA7-D7BBA834EF89}.Release|Any CPU.Build.0 = Release|Any CPU
		{6FD9C5A3-5026-4D1D-8029-9126C78ADADF}.Debug|Any CPU.ActiveCfg = Debug|Any CPU
		{6FD9C5A3-5026-4D1D-8029-9126C78ADADF}.Debug|Any CPU.Build.0 = Debug|Any CPU
		{6FD9C5A3-5026-4D1D-8029-9126C78ADADF}.Release|Any CPU.ActiveCfg = Release|Any CPU
		{6FD9C5A3-5026-4D1D-8029-9126C78ADADF}.Release|Any CPU.Build.0 = Release|Any CPU
		{4B28C4B0-0B63-4E52-9E17-38A394628C32}.Debug|Any CPU.ActiveCfg = Debug|Any CPU
		{4B28C4B0-0B63-4E52-9E17-38A394628C32}.Debug|Any CPU.Build.0 = Debug|Any CPU
		{4B28C4B0-0B63-4E52-9E17-38A394628C32}.Release|Any CPU.ActiveCfg = Release|Any CPU
		{4B28C4B0-0B63-4E52-9E17-38A394628C32}.Release|Any CPU.Build.0 = Release|Any CPU
		{4FA02AC9-E644-450F-B730-995933AFB37E}.Debug|Any CPU.ActiveCfg = Debug|Any CPU
		{4FA02AC9-E644-450F-B730-995933AFB37E}.Debug|Any CPU.Build.0 = Debug|Any CPU
		{4FA02AC9-E644-450F-B730-995933AFB37E}.Release|Any CPU.ActiveCfg = Release|Any CPU
		{4FA02AC9-E644-450F-B730-995933AFB37E}.Release|Any CPU.Build.0 = Release|Any CPU
		{843E80C8-44AC-41D5-AC69-4B01CF2BD52F}.Debug|Any CPU.ActiveCfg = Debug|Any CPU
		{843E80C8-44AC-41D5-AC69-4B01CF2BD52F}.Debug|Any CPU.Build.0 = Debug|Any CPU
		{843E80C8-44AC-41D5-AC69-4B01CF2BD52F}.Release|Any CPU.ActiveCfg = Release|Any CPU
		{843E80C8-44AC-41D5-AC69-4B01CF2BD52F}.Release|Any CPU.Build.0 = Release|Any CPU
		{52D49642-2D52-466F-9987-3C8C2DC17B32}.Debug|Any CPU.ActiveCfg = Debug|Any CPU
		{52D49642-2D52-466F-9987-3C8C2DC17B32}.Debug|Any CPU.Build.0 = Debug|Any CPU
		{52D49642-2D52-466F-9987-3C8C2DC17B32}.Release|Any CPU.ActiveCfg = Release|Any CPU
		{52D49642-2D52-466F-9987-3C8C2DC17B32}.Release|Any CPU.Build.0 = Release|Any CPU
		{3A521AE7-D6FD-40A9-B06B-97F5C85DC707}.Debug|Any CPU.ActiveCfg = Debug|Any CPU
		{3A521AE7-D6FD-40A9-B06B-97F5C85DC707}.Debug|Any CPU.Build.0 = Debug|Any CPU
		{3A521AE7-D6FD-40A9-B06B-97F5C85DC707}.Release|Any CPU.ActiveCfg = Release|Any CPU
		{3A521AE7-D6FD-40A9-B06B-97F5C85DC707}.Release|Any CPU.Build.0 = Release|Any CPU
		{81C420FD-C78C-4410-AD32-D5AE5F2F8BB7}.Debug|Any CPU.ActiveCfg = Debug|Any CPU
		{81C420FD-C78C-4410-AD32-D5AE5F2F8BB7}.Debug|Any CPU.Build.0 = Debug|Any CPU
		{81C420FD-C78C-4410-AD32-D5AE5F2F8BB7}.Release|Any CPU.ActiveCfg = Release|Any CPU
		{81C420FD-C78C-4410-AD32-D5AE5F2F8BB7}.Release|Any CPU.Build.0 = Release|Any CPU
	EndGlobalSection
	GlobalSection(SolutionProperties) = preSolution
		HideSolutionNode = FALSE
	EndGlobalSection
	GlobalSection(NestedProjects) = preSolution
		{0EE37220-B3CF-459F-8CA7-D7BBA834EF89} = {0786EE90-62CC-4525-8159-18C193DC552F}
		{6FD9C5A3-5026-4D1D-8029-9126C78ADADF} = {0786EE90-62CC-4525-8159-18C193DC552F}
		{4B28C4B0-0B63-4E52-9E17-38A394628C32} = {C80C36F5-83B6-4C9E-A784-D05E2EA68149}
		{4FA02AC9-E644-450F-B730-995933AFB37E} = {C80C36F5-83B6-4C9E-A784-D05E2EA68149}
		{843E80C8-44AC-41D5-AC69-4B01CF2BD52F} = {254DF919-8313-4749-833F-96AF0A9A68BA}
		{52D49642-2D52-466F-9987-3C8C2DC17B32} = {254DF919-8313-4749-833F-96AF0A9A68BA}
		{3A521AE7-D6FD-40A9-B06B-97F5C85DC707} = {23558DBE-65AF-4CE1-B804-42706BEEC151}
		{81C420FD-C78C-4410-AD32-D5AE5F2F8BB7} = {23558DBE-65AF-4CE1-B804-42706BEEC151}
	EndGlobalSection
	GlobalSection(ExtensibilityGlobals) = postSolution
		SolutionGuid = {B7FEB23C-C931-4845-B2F2-DB21475E20D8}
	EndGlobalSection
EndGlobal
