
Microsoft Visual Studio Solution File, Format Version 12.00
# Visual Studio Version 16
VisualStudioVersion = 16.0.29806.167
MinimumVisualStudioVersion = 10.0.40219.1
Project("{2150E333-8FDC-42A3-9474-1A3956D46DE8}") = "Basic", "Basic", "{0786EE90-62CC-4525-8159-18C193DC552F}"
EndProject
Project("{2150E333-8FDC-42A3-9474-1A3956D46DE8}") = "WorkQueues", "WorkQueues", "{C80C36F5-83B6-4C9E-A784-D05E2EA68149}"
EndProject
Project("{9A19103F-16F7-4668-BE54-9A1E7A4F7556}") = "Basic.Consumer", "Basic.Consumer\Basic.Consumer.csproj", "{0EE37220-B3CF-459F-8CA7-D7BBA834EF89}"
EndProject
Project("{9A19103F-16F7-4668-BE54-9A1E7A4F7556}") = "Basic.Producer", "Basic.Producer\Basic.Producer.csproj", "{6FD9C5A3-5026-4D1D-8029-9126C78ADADF}"
EndProject
Project("{FAE04EC0-301F-11D3-BF4B-00C04F79EFBC}") = "WorkQueues.Producer", "WorkQueues.Producer\WorkQueues.Producer.csproj", "{4B28C4B0-0B63-4E52-9E17-38A394628C32}"
EndProject
Project("{FAE04EC0-301F-11D3-BF4B-00C04F79EFBC}") = "WorkQueues.Consumer", "WorkQueues.Consumer\WorkQueues.Consumer.csproj", "{4FA02AC9-E644-450F-B730-995933AFB37E}"
EndProject
Global
	GlobalSection(SolutionConfigurationPlatforms) = preSolution
		Debug|Any CPU = Debug|Any CPU
		Release|Any CPU = Release|Any CPU
	EndGlobalSection
	GlobalSection(ProjectConfigurationPlatforms) = postSolution
		{0EE37220-B3CF-459F-8CA7-D7BBA834EF89}.Debug|Any CPU.ActiveCfg = Debug|Any CPU
		{0EE37220-B3CF-459F-8CA7-D7BBA834EF89}.Debug|Any CPU.Build.0 = Debug|Any CPU
		{0EE37220-B3CF-459F-8CA7-D7BBA834EF89}.Release|Any CPU.ActiveCfg = Release|Any CPU
		{0EE37220-B3CF-459F-8CA7-D7BBA834EF89}.Release|Any CPU.Build.0 = Release|Any CPU
		{6FD9C5A3-5026-4D1D-8029-9126C78ADADF}.Debug|Any CPU.ActiveCfg = Debug|Any CPU
		{6FD9C5A3-5026-4D1D-8029-9126C78ADADF}.Debug|Any CPU.Build.0 = Debug|Any CPU
		{6FD9C5A3-5026-4D1D-8029-9126C78ADADF}.Release|Any CPU.ActiveCfg = Release|Any CPU
		{6FD9C5A3-5026-4D1D-8029-9126C78ADADF}.Release|Any CPU.Build.0 = Release|Any CPU
		{4B28C4B0-0B63-4E52-9E17-38A394628C32}.Debug|Any CPU.ActiveCfg = Debug|Any CPU
		{4B28C4B0-0B63-4E52-9E17-38A394628C32}.Debug|Any CPU.Build.0 = Debug|Any CPU
		{4B28C4B0-0B63-4E52-9E17-38A394628C32}.Release|Any CPU.ActiveCfg = Release|Any CPU
		{4B28C4B0-0B63-4E52-9E17-38A394628C32}.Release|Any CPU.Build.0 = Release|Any CPU
		{4FA02AC9-E644-450F-B730-995933AFB37E}.Debug|Any CPU.ActiveCfg = Debug|Any CPU
		{4FA02AC9-E644-450F-B730-995933AFB37E}.Debug|Any CPU.Build.0 = Debug|Any CPU
		{4FA02AC9-E644-450F-B730-995933AFB37E}.Release|Any CPU.ActiveCfg = Release|Any CPU
		{4FA02AC9-E644-450F-B730-995933AFB37E}.Release|Any CPU.Build.0 = Release|Any CPU
	EndGlobalSection
	GlobalSection(SolutionProperties) = preSolution
		HideSolutionNode = FALSE
	EndGlobalSection
	GlobalSection(NestedProjects) = preSolution
		{0EE37220-B3CF-459F-8CA7-D7BBA834EF89} = {0786EE90-62CC-4525-8159-18C193DC552F}
		{6FD9C5A3-5026-4D1D-8029-9126C78ADADF} = {0786EE90-62CC-4525-8159-18C193DC552F}
		{4B28C4B0-0B63-4E52-9E17-38A394628C32} = {C80C36F5-83B6-4C9E-A784-D05E2EA68149}
		{4FA02AC9-E644-450F-B730-995933AFB37E} = {C80C36F5-83B6-4C9E-A784-D05E2EA68149}
	EndGlobalSection
	GlobalSection(ExtensibilityGlobals) = postSolution
		SolutionGuid = {B7FEB23C-C931-4845-B2F2-DB21475E20D8}
	EndGlobalSection
EndGlobal
